
Microsoft Visual Studio Solution File, Format Version 12.00
# Visual Studio Version 16
VisualStudioVersion = 16.0.32126.315
MinimumVisualStudioVersion = 10.0.40219.1
Project("{FAE04EC0-301F-11D3-BF4B-00C04F79EFBC}") = "BaiLam2", "BaiLam2\BaiLam2.csproj", "{241A96CE-763E-4244-994B-F776CFAEFDEA}"
EndProject
Global
	GlobalSection(SolutionConfigurationPlatforms) = preSolution
		Debug|Any CPU = Debug|Any CPU
		Release|Any CPU = Release|Any CPU
	EndGlobalSection
	GlobalSection(ProjectConfigurationPlatforms) = postSolution
		{241A96CE-763E-4244-994B-F776CFAEFDEA}.Debug|Any CPU.ActiveCfg = Debug|Any CPU
		{241A96CE-763E-4244-994B-F776CFAEFDEA}.Debug|Any CPU.Build.0 = Debug|Any CPU
		{241A96CE-763E-4244-994B-F776CFAEFDEA}.Release|Any CPU.ActiveCfg = Release|Any CPU
		{241A96CE-763E-4244-994B-F776CFAEFDEA}.Release|Any CPU.Build.0 = Release|Any CPU
	EndGlobalSection
	GlobalSection(SolutionProperties) = preSolution
		HideSolutionNode = FALSE
	EndGlobalSection
	GlobalSection(ExtensibilityGlobals) = postSolution
		SolutionGuid = {6013BE3F-AE8E-4257-8384-ADE8C414CCCB}
	EndGlobalSection
EndGlobal
