
Microsoft Visual Studio Solution File, Format Version 12.00
# Visual Studio Version 17
VisualStudioVersion = 17.7.34024.191
MinimumVisualStudioVersion = 10.0.40219.1
Project("{FAE04EC0-301F-11D3-BF4B-00C04F79EFBC}") = "DeMau5", "DeMau5\DeMau5.csproj", "{AD23DD24-ADA3-445F-B25F-1C891DE10242}"
EndProject
Global
	GlobalSection(SolutionConfigurationPlatforms) = preSolution
		Debug|Any CPU = Debug|Any CPU
		Release|Any CPU = Release|Any CPU
	EndGlobalSection
	GlobalSection(ProjectConfigurationPlatforms) = postSolution
		{AD23DD24-ADA3-445F-B25F-1C891DE10242}.Debug|Any CPU.ActiveCfg = Debug|Any CPU
		{AD23DD24-ADA3-445F-B25F-1C891DE10242}.Debug|Any CPU.Build.0 = Debug|Any CPU
		{AD23DD24-ADA3-445F-B25F-1C891DE10242}.Release|Any CPU.ActiveCfg = Release|Any CPU
		{AD23DD24-ADA3-445F-B25F-1C891DE10242}.Release|Any CPU.Build.0 = Release|Any CPU
	EndGlobalSection
	GlobalSection(SolutionProperties) = preSolution
		HideSolutionNode = FALSE
	EndGlobalSection
	GlobalSection(ExtensibilityGlobals) = postSolution
		SolutionGuid = {11119985-5855-4050-82B4-71522171F1E5}
	EndGlobalSection
EndGlobal
