
Microsoft Visual Studio Solution File, Format Version 12.00
# Visual Studio Version 17
VisualStudioVersion = 17.7.34024.191
MinimumVisualStudioVersion = 10.0.40219.1
Project("{FAE04EC0-301F-11D3-BF4B-00C04F79EFBC}") = "LeDinhMinh_211204113", "LeDinhMinh_211204113\LeDinhMinh_211204113.csproj", "{B3D917F1-5C49-4B28-BEFD-3984E3699A96}"
EndProject
Global
	GlobalSection(SolutionConfigurationPlatforms) = preSolution
		Debug|Any CPU = Debug|Any CPU
		Release|Any CPU = Release|Any CPU
	EndGlobalSection
	GlobalSection(ProjectConfigurationPlatforms) = postSolution
		{B3D917F1-5C49-4B28-BEFD-3984E3699A96}.Debug|Any CPU.ActiveCfg = Debug|Any CPU
		{B3D917F1-5C49-4B28-BEFD-3984E3699A96}.Debug|Any CPU.Build.0 = Debug|Any CPU
		{B3D917F1-5C49-4B28-BEFD-3984E3699A96}.Release|Any CPU.ActiveCfg = Release|Any CPU
		{B3D917F1-5C49-4B28-BEFD-3984E3699A96}.Release|Any CPU.Build.0 = Release|Any CPU
	EndGlobalSection
	GlobalSection(SolutionProperties) = preSolution
		HideSolutionNode = FALSE
	EndGlobalSection
	GlobalSection(ExtensibilityGlobals) = postSolution
		SolutionGuid = {5267E824-5C76-448D-9836-778A338B0942}
	EndGlobalSection
EndGlobal
