
Microsoft Visual Studio Solution File, Format Version 12.00
# Visual Studio Version 16
VisualStudioVersion = 16.0.32126.315
MinimumVisualStudioVersion = 10.0.40219.1
Project("{FAE04EC0-301F-11D3-BF4B-00C04F79EFBC}") = "On", "On\On.csproj", "{4CC2157C-E945-41FC-9464-97051CFCD3AD}"
EndProject
Global
	GlobalSection(SolutionConfigurationPlatforms) = preSolution
		Debug|Any CPU = Debug|Any CPU
		Release|Any CPU = Release|Any CPU
	EndGlobalSection
	GlobalSection(ProjectConfigurationPlatforms) = postSolution
		{4CC2157C-E945-41FC-9464-97051CFCD3AD}.Debug|Any CPU.ActiveCfg = Debug|Any CPU
		{4CC2157C-E945-41FC-9464-97051CFCD3AD}.Debug|Any CPU.Build.0 = Debug|Any CPU
		{4CC2157C-E945-41FC-9464-97051CFCD3AD}.Release|Any CPU.ActiveCfg = Release|Any CPU
		{4CC2157C-E945-41FC-9464-97051CFCD3AD}.Release|Any CPU.Build.0 = Release|Any CPU
	EndGlobalSection
	GlobalSection(SolutionProperties) = preSolution
		HideSolutionNode = FALSE
	EndGlobalSection
	GlobalSection(ExtensibilityGlobals) = postSolution
		SolutionGuid = {2348407B-912B-4EDA-A0C5-3ABC85BC1845}
	EndGlobalSection
EndGlobal
