
Microsoft Visual Studio Solution File, Format Version 12.00
# Visual Studio Version 16
VisualStudioVersion = 16.0.32126.315
MinimumVisualStudioVersion = 10.0.40219.1
Project("{FAE04EC0-301F-11D3-BF4B-00C04F79EFBC}") = "BailLam3", "BailLam3\BailLam3.csproj", "{7534A0DE-3058-4AB9-BDCB-984F91A80A18}"
EndProject
Global
	GlobalSection(SolutionConfigurationPlatforms) = preSolution
		Debug|Any CPU = Debug|Any CPU
		Release|Any CPU = Release|Any CPU
	EndGlobalSection
	GlobalSection(ProjectConfigurationPlatforms) = postSolution
		{7534A0DE-3058-4AB9-BDCB-984F91A80A18}.Debug|Any CPU.ActiveCfg = Debug|Any CPU
		{7534A0DE-3058-4AB9-BDCB-984F91A80A18}.Debug|Any CPU.Build.0 = Debug|Any CPU
		{7534A0DE-3058-4AB9-BDCB-984F91A80A18}.Release|Any CPU.ActiveCfg = Release|Any CPU
		{7534A0DE-3058-4AB9-BDCB-984F91A80A18}.Release|Any CPU.Build.0 = Release|Any CPU
	EndGlobalSection
	GlobalSection(SolutionProperties) = preSolution
		HideSolutionNode = FALSE
	EndGlobalSection
	GlobalSection(ExtensibilityGlobals) = postSolution
		SolutionGuid = {7A842522-1FFE-47FB-9CFC-7A2A28879AD4}
	EndGlobalSection
EndGlobal
